
Microsoft Visual Studio Solution File, Format Version 12.00
# Visual Studio Version 17
VisualStudioVersion = 17.14.36301.6 d17.14
MinimumVisualStudioVersion = 10.0.40219.1
Project("{FAE04EC0-301F-11D3-BF4B-00C04F79EFBC}") = "NumberGuessGameApi", "NumberGuessGameApi\NumberGuessGameApi.csproj", "{19AA044A-71A7-43F4-A549-5ABA19977489}"
EndProject
Global
	GlobalSection(SolutionConfigurationPlatforms) = preSolution
		Debug|Any CPU = Debug|Any CPU
		Release|Any CPU = Release|Any CPU
	EndGlobalSection
	GlobalSection(ProjectConfigurationPlatforms) = postSolution
		{19AA044A-71A7-43F4-A549-5ABA19977489}.Debug|Any CPU.ActiveCfg = Debug|Any CPU
		{19AA044A-71A7-43F4-A549-5ABA19977489}.Debug|Any CPU.Build.0 = Debug|Any CPU
		{19AA044A-71A7-43F4-A549-5ABA19977489}.Release|Any CPU.ActiveCfg = Release|Any CPU
		{19AA044A-71A7-43F4-A549-5ABA19977489}.Release|Any CPU.Build.0 = Release|Any CPU
	EndGlobalSection
	GlobalSection(SolutionProperties) = preSolution
		HideSolutionNode = FALSE
	EndGlobalSection
	GlobalSection(ExtensibilityGlobals) = postSolution
		SolutionGuid = {32DE8B04-C87F-49A4-B17D-2C0B24C8D2BB}
	EndGlobalSection
EndGlobal
